// !$*UTF8*$!
{
	archiveVersion = 1;
	classes = {
	};
	objectVersion = 48;
	objects = {

/* Begin PBXBuildFile section */
		2A920C74D5827443A838E235 /* libPods-MVVMTests.a in Frameworks */ = {isa = PBXBuildFile; fileRef = BD069E3D90298BB54FC1C335 /* libPods-MVVMTests.a */; };
		4C082B8A335B46A76871887F /* libPods-MVVMUITests.a in Frameworks */ = {isa = PBXBuildFile; fileRef = 9DE07ECBAA45F0278E80F5B3 /* libPods-MVVMUITests.a */; };
		8E4E42111FE0E2F700DEEEB3 /* DXTabBarButton.m in Sources */ = {isa = PBXBuildFile; fileRef = 8E4E420B1FE0E2F700DEEEB3 /* DXTabBarButton.m */; };
		8E4E42121FE0E2F700DEEEB3 /* DXTabBar.m in Sources */ = {isa = PBXBuildFile; fileRef = 8E4E420C1FE0E2F700DEEEB3 /* DXTabBar.m */; };
		8E4E42131FE0E2F700DEEEB3 /* DXTabBarController.m in Sources */ = {isa = PBXBuildFile; fileRef = 8E4E420D1FE0E2F700DEEEB3 /* DXTabBarController.m */; };
		8E4E42141FE0E2F700DEEEB3 /* DXTabBarItem.m in Sources */ = {isa = PBXBuildFile; fileRef = 8E4E420E1FE0E2F700DEEEB3 /* DXTabBarItem.m */; };
		8E4E42281FE0E36000DEEEB3 /* DXNavigationController.m in Sources */ = {isa = PBXBuildFile; fileRef = 8E4E42221FE0E36000DEEEB3 /* DXNavigationController.m */; };
		8E4E422C1FE0E3DD00DEEEB3 /* DXBaseViewController.m in Sources */ = {isa = PBXBuildFile; fileRef = 8E4E422B1FE0E3DD00DEEEB3 /* DXBaseViewController.m */; };
		8E4E422F1FE0E3F300DEEEB3 /* DXHomePageVC.m in Sources */ = {isa = PBXBuildFile; fileRef = 8E4E422E1FE0E3F300DEEEB3 /* DXHomePageVC.m */; };
		8E4E42331FE0E46F00DEEEB3 /* DXContactVC.m in Sources */ = {isa = PBXBuildFile; fileRef = 8E4E42321FE0E46F00DEEEB3 /* DXContactVC.m */; };
		8E4E42371FE0E4D100DEEEB3 /* DXDiscoverVC.m in Sources */ = {isa = PBXBuildFile; fileRef = 8E4E42361FE0E4D100DEEEB3 /* DXDiscoverVC.m */; };
		8E4E423C1FE0E4FA00DEEEB3 /* DXMeVC.m in Sources */ = {isa = PBXBuildFile; fileRef = 8E4E423B1FE0E4FA00DEEEB3 /* DXMeVC.m */; };
		8E4E42401FE0E7EB00DEEEB3 /* UIView+Extension.m in Sources */ = {isa = PBXBuildFile; fileRef = 8E4E423F1FE0E7EB00DEEEB3 /* UIView+Extension.m */; };
		8E8656321FDEB2CC00829514 /* DXAppDelegate.m in Sources */ = {isa = PBXBuildFile; fileRef = 8E8656311FDEB2CC00829514 /* DXAppDelegate.m */; };
		8E8D381920201D2F00C0ACFC /* UIButton+DXCreate.m in Sources */ = {isa = PBXBuildFile; fileRef = 8E8D381820201D2F00C0ACFC /* UIButton+DXCreate.m */; };
		8E8D381C202020F000C0ACFC /* DXTools.m in Sources */ = {isa = PBXBuildFile; fileRef = 8E8D381B202020F000C0ACFC /* DXTools.m */; };
		8E8D381E2020463500C0ACFC /* Assets.xcassets in Resources */ = {isa = PBXBuildFile; fileRef = 8E8D381D2020463500C0ACFC /* Assets.xcassets */; };
		8E8D38212020472300C0ACFC /* UIImageView+DXCreate.m in Sources */ = {isa = PBXBuildFile; fileRef = 8E8D38202020472300C0ACFC /* UIImageView+DXCreate.m */; };
		8E8D382420204EAA00C0ACFC /* UIBarButtonItem+DXCreate.m in Sources */ = {isa = PBXBuildFile; fileRef = 8E8D382320204EAA00C0ACFC /* UIBarButtonItem+DXCreate.m */; };
		8E8D38272020511E00C0ACFC /* UIImage+DXExtension.m in Sources */ = {isa = PBXBuildFile; fileRef = 8E8D38262020511D00C0ACFC /* UIImage+DXExtension.m */; };
		8E9CB98B201F226900B7EC26 /* DXLoginVC.m in Sources */ = {isa = PBXBuildFile; fileRef = 8E9CB98A201F226900B7EC26 /* DXLoginVC.m */; };
		8E9CB993201F287400B7EC26 /* DXBaseModel.m in Sources */ = {isa = PBXBuildFile; fileRef = 8E9CB992201F287400B7EC26 /* DXBaseModel.m */; };
		8E9CB996201F288900B7EC26 /* DXBaseViewModel.m in Sources */ = {isa = PBXBuildFile; fileRef = 8E9CB995201F288900B7EC26 /* DXBaseViewModel.m */; };
		8E9CB999201F289E00B7EC26 /* DXLoginView.m in Sources */ = {isa = PBXBuildFile; fileRef = 8E9CB998201F289E00B7EC26 /* DXLoginView.m */; };
		8E9CB99C201F29D700B7EC26 /* UIView+DXNib.m in Sources */ = {isa = PBXBuildFile; fileRef = 8E9CB99B201F29D700B7EC26 /* UIView+DXNib.m */; };
		8E9CB99F201F2A4900B7EC26 /* DXBaseView.m in Sources */ = {isa = PBXBuildFile; fileRef = 8E9CB99D201F2A4900B7EC26 /* DXBaseView.m */; };
		8E9CB9A2201F2A8300B7EC26 /* DXLoginInputView.m in Sources */ = {isa = PBXBuildFile; fileRef = 8E9CB9A1201F2A8300B7EC26 /* DXLoginInputView.m */; };
		8E9CB9A5201F49A000B7EC26 /* UILabel+DXCreate.m in Sources */ = {isa = PBXBuildFile; fileRef = 8E9CB9A4201F49A000B7EC26 /* UILabel+DXCreate.m */; };
		8E9CB9A9201F4CB000B7EC26 /* UITextField+DXCreate.m in Sources */ = {isa = PBXBuildFile; fileRef = 8E9CB9A8201F4CB000B7EC26 /* UITextField+DXCreate.m */; };
		8E9CB9AC201F4F1D00B7EC26 /* UIView+DXCreate.m in Sources */ = {isa = PBXBuildFile; fileRef = 8E9CB9AB201F4F1D00B7EC26 /* UIView+DXCreate.m */; };
		8E9CB9AF2020084200B7EC26 /* DXBaseButton.m in Sources */ = {isa = PBXBuildFile; fileRef = 8E9CB9AE2020084200B7EC26 /* DXBaseButton.m */; };
		8EB88F801FD827C4008AF03F /* main.m in Sources */ = {isa = PBXBuildFile; fileRef = 8EB88F7F1FD827C4008AF03F /* main.m */; };
		8EB88F8A1FD827C4008AF03F /* MVVMTests.m in Sources */ = {isa = PBXBuildFile; fileRef = 8EB88F891FD827C4008AF03F /* MVVMTests.m */; };
		8EB88F951FD827C4008AF03F /* MVVMUITests.m in Sources */ = {isa = PBXBuildFile; fileRef = 8EB88F941FD827C4008AF03F /* MVVMUITests.m */; };
		C7D0E143B1F6785F1FAA01BB /* libPods-MVVM.a in Frameworks */ = {isa = PBXBuildFile; fileRef = 65158F16447EB9F0531C961B /* libPods-MVVM.a */; };
/* End PBXBuildFile section */

/* Begin PBXContainerItemProxy section */
		8EB88F861FD827C4008AF03F /* PBXContainerItemProxy */ = {
			isa = PBXContainerItemProxy;
			containerPortal = 8EB88F651FD827C4008AF03F /* Project object */;
			proxyType = 1;
			remoteGlobalIDString = 8EB88F6C1FD827C4008AF03F;
			remoteInfo = MVVM;
		};
		8EB88F911FD827C4008AF03F /* PBXContainerItemProxy */ = {
			isa = PBXContainerItemProxy;
			containerPortal = 8EB88F651FD827C4008AF03F /* Project object */;
			proxyType = 1;
			remoteGlobalIDString = 8EB88F6C1FD827C4008AF03F;
			remoteInfo = MVVM;
		};
/* End PBXContainerItemProxy section */

/* Begin PBXFileReference section */
		06442CCB7210B2F550AF4DC8 /* Pods-MVVMUITests.release.xcconfig */ = {isa = PBXFileReference; includeInIndex = 1; lastKnownFileType = text.xcconfig; name = "Pods-MVVMUITests.release.xcconfig"; path = "Pods/Target Support Files/Pods-MVVMUITests/Pods-MVVMUITests.release.xcconfig"; sourceTree = "<group>"; };
		184D6AC58AD5361B40755E25 /* Pods-MVVM.debug.xcconfig */ = {isa = PBXFileReference; includeInIndex = 1; lastKnownFileType = text.xcconfig; name = "Pods-MVVM.debug.xcconfig"; path = "Pods/Target Support Files/Pods-MVVM/Pods-MVVM.debug.xcconfig"; sourceTree = "<group>"; };
		65158F16447EB9F0531C961B /* libPods-MVVM.a */ = {isa = PBXFileReference; explicitFileType = archive.ar; includeInIndex = 0; path = "libPods-MVVM.a"; sourceTree = BUILT_PRODUCTS_DIR; };
		88597D5A8DD4BE07D8090EEE /* Pods-MVVMTests.release.xcconfig */ = {isa = PBXFileReference; includeInIndex = 1; lastKnownFileType = text.xcconfig; name = "Pods-MVVMTests.release.xcconfig"; path = "Pods/Target Support Files/Pods-MVVMTests/Pods-MVVMTests.release.xcconfig"; sourceTree = "<group>"; };
		8E4E42091FE0E2F700DEEEB3 /* DXTabBarController.h */ = {isa = PBXFileReference; fileEncoding = 4; lastKnownFileType = sourcecode.c.h; path = DXTabBarController.h; sourceTree = "<group>"; };
		8E4E420A1FE0E2F700DEEEB3 /* DXTabBarItem.h */ = {isa = PBXFileReference; fileEncoding = 4; lastKnownFileType = sourcecode.c.h; path = DXTabBarItem.h; sourceTree = "<group>"; };
		8E4E420B1FE0E2F700DEEEB3 /* DXTabBarButton.m */ = {isa = PBXFileReference; fileEncoding = 4; lastKnownFileType = sourcecode.c.objc; path = DXTabBarButton.m; sourceTree = "<group>"; };
		8E4E420C1FE0E2F700DEEEB3 /* DXTabBar.m */ = {isa = PBXFileReference; fileEncoding = 4; lastKnownFileType = sourcecode.c.objc; path = DXTabBar.m; sourceTree = "<group>"; };
		8E4E420D1FE0E2F700DEEEB3 /* DXTabBarController.m */ = {isa = PBXFileReference; fileEncoding = 4; lastKnownFileType = sourcecode.c.objc; path = DXTabBarController.m; sourceTree = "<group>"; };
		8E4E420E1FE0E2F700DEEEB3 /* DXTabBarItem.m */ = {isa = PBXFileReference; fileEncoding = 4; lastKnownFileType = sourcecode.c.objc; path = DXTabBarItem.m; sourceTree = "<group>"; };
		8E4E420F1FE0E2F700DEEEB3 /* DXTabBarButton.h */ = {isa = PBXFileReference; fileEncoding = 4; lastKnownFileType = sourcecode.c.h; path = DXTabBarButton.h; sourceTree = "<group>"; };
		8E4E42101FE0E2F700DEEEB3 /* DXTabBar.h */ = {isa = PBXFileReference; fileEncoding = 4; lastKnownFileType = sourcecode.c.h; path = DXTabBar.h; sourceTree = "<group>"; };
		8E4E42201FE0E36000DEEEB3 /* DXNavigationController.h */ = {isa = PBXFileReference; fileEncoding = 4; lastKnownFileType = sourcecode.c.h; path = DXNavigationController.h; sourceTree = "<group>"; };
		8E4E42221FE0E36000DEEEB3 /* DXNavigationController.m */ = {isa = PBXFileReference; fileEncoding = 4; lastKnownFileType = sourcecode.c.objc; path = DXNavigationController.m; sourceTree = "<group>"; };
		8E4E422A1FE0E3DD00DEEEB3 /* DXBaseViewController.h */ = {isa = PBXFileReference; lastKnownFileType = sourcecode.c.h; path = DXBaseViewController.h; sourceTree = "<group>"; };
		8E4E422B1FE0E3DD00DEEEB3 /* DXBaseViewController.m */ = {isa = PBXFileReference; lastKnownFileType = sourcecode.c.objc; path = DXBaseViewController.m; sourceTree = "<group>"; };
		8E4E422D1FE0E3F300DEEEB3 /* DXHomePageVC.h */ = {isa = PBXFileReference; lastKnownFileType = sourcecode.c.h; path = DXHomePageVC.h; sourceTree = "<group>"; };
		8E4E422E1FE0E3F300DEEEB3 /* DXHomePageVC.m */ = {isa = PBXFileReference; lastKnownFileType = sourcecode.c.objc; path = DXHomePageVC.m; sourceTree = "<group>"; };
		8E4E42311FE0E46F00DEEEB3 /* DXContactVC.h */ = {isa = PBXFileReference; lastKnownFileType = sourcecode.c.h; path = DXContactVC.h; sourceTree = "<group>"; };
		8E4E42321FE0E46F00DEEEB3 /* DXContactVC.m */ = {isa = PBXFileReference; lastKnownFileType = sourcecode.c.objc; path = DXContactVC.m; sourceTree = "<group>"; };
		8E4E42351FE0E4D100DEEEB3 /* DXDiscoverVC.h */ = {isa = PBXFileReference; lastKnownFileType = sourcecode.c.h; path = DXDiscoverVC.h; sourceTree = "<group>"; };
		8E4E42361FE0E4D100DEEEB3 /* DXDiscoverVC.m */ = {isa = PBXFileReference; lastKnownFileType = sourcecode.c.objc; path = DXDiscoverVC.m; sourceTree = "<group>"; };
		8E4E423A1FE0E4FA00DEEEB3 /* DXMeVC.h */ = {isa = PBXFileReference; lastKnownFileType = sourcecode.c.h; path = DXMeVC.h; sourceTree = "<group>"; };
		8E4E423B1FE0E4FA00DEEEB3 /* DXMeVC.m */ = {isa = PBXFileReference; lastKnownFileType = sourcecode.c.objc; path = DXMeVC.m; sourceTree = "<group>"; };
		8E4E423D1FE0E67800DEEEB3 /* PrefixHeader.pch */ = {isa = PBXFileReference; lastKnownFileType = sourcecode.c.h; path = PrefixHeader.pch; sourceTree = "<group>"; };
		8E4E423E1FE0E7EB00DEEEB3 /* UIView+Extension.h */ = {isa = PBXFileReference; fileEncoding = 4; lastKnownFileType = sourcecode.c.h; path = "UIView+Extension.h"; sourceTree = "<group>"; };
		8E4E423F1FE0E7EB00DEEEB3 /* UIView+Extension.m */ = {isa = PBXFileReference; fileEncoding = 4; lastKnownFileType = sourcecode.c.objc; path = "UIView+Extension.m"; sourceTree = "<group>"; };
		8E8656301FDEB2CC00829514 /* DXAppDelegate.h */ = {isa = PBXFileReference; lastKnownFileType = sourcecode.c.h; path = DXAppDelegate.h; sourceTree = "<group>"; };
		8E8656311FDEB2CC00829514 /* DXAppDelegate.m */ = {isa = PBXFileReference; lastKnownFileType = sourcecode.c.objc; path = DXAppDelegate.m; sourceTree = "<group>"; };
		8E8D381720201D2F00C0ACFC /* UIButton+DXCreate.h */ = {isa = PBXFileReference; lastKnownFileType = sourcecode.c.h; path = "UIButton+DXCreate.h"; sourceTree = "<group>"; };
		8E8D381820201D2F00C0ACFC /* UIButton+DXCreate.m */ = {isa = PBXFileReference; lastKnownFileType = sourcecode.c.objc; path = "UIButton+DXCreate.m"; sourceTree = "<group>"; };
		8E8D381A202020F000C0ACFC /* DXTools.h */ = {isa = PBXFileReference; lastKnownFileType = sourcecode.c.h; path = DXTools.h; sourceTree = "<group>"; };
		8E8D381B202020F000C0ACFC /* DXTools.m */ = {isa = PBXFileReference; lastKnownFileType = sourcecode.c.objc; path = DXTools.m; sourceTree = "<group>"; };
		8E8D381D2020463500C0ACFC /* Assets.xcassets */ = {isa = PBXFileReference; lastKnownFileType = folder.assetcatalog; path = Assets.xcassets; sourceTree = "<group>"; };
		8E8D381F2020472300C0ACFC /* UIImageView+DXCreate.h */ = {isa = PBXFileReference; lastKnownFileType = sourcecode.c.h; path = "UIImageView+DXCreate.h"; sourceTree = "<group>"; };
		8E8D38202020472300C0ACFC /* UIImageView+DXCreate.m */ = {isa = PBXFileReference; lastKnownFileType = sourcecode.c.objc; path = "UIImageView+DXCreate.m"; sourceTree = "<group>"; };
		8E8D382220204EA900C0ACFC /* UIBarButtonItem+DXCreate.h */ = {isa = PBXFileReference; lastKnownFileType = sourcecode.c.h; path = "UIBarButtonItem+DXCreate.h"; sourceTree = "<group>"; };
		8E8D382320204EAA00C0ACFC /* UIBarButtonItem+DXCreate.m */ = {isa = PBXFileReference; lastKnownFileType = sourcecode.c.objc; path = "UIBarButtonItem+DXCreate.m"; sourceTree = "<group>"; };
		8E8D38252020511D00C0ACFC /* UIImage+DXExtension.h */ = {isa = PBXFileReference; lastKnownFileType = sourcecode.c.h; path = "UIImage+DXExtension.h"; sourceTree = "<group>"; };
		8E8D38262020511D00C0ACFC /* UIImage+DXExtension.m */ = {isa = PBXFileReference; lastKnownFileType = sourcecode.c.objc; path = "UIImage+DXExtension.m"; sourceTree = "<group>"; };
		8E9CB982201F136500B7EC26 /* DXMacro.h */ = {isa = PBXFileReference; lastKnownFileType = sourcecode.c.h; path = DXMacro.h; sourceTree = "<group>"; };
		8E9CB989201F226900B7EC26 /* DXLoginVC.h */ = {isa = PBXFileReference; lastKnownFileType = sourcecode.c.h; path = DXLoginVC.h; sourceTree = "<group>"; };
		8E9CB98A201F226900B7EC26 /* DXLoginVC.m */ = {isa = PBXFileReference; lastKnownFileType = sourcecode.c.objc; path = DXLoginVC.m; sourceTree = "<group>"; };
		8E9CB991201F287400B7EC26 /* DXBaseModel.h */ = {isa = PBXFileReference; lastKnownFileType = sourcecode.c.h; path = DXBaseModel.h; sourceTree = "<group>"; };
		8E9CB992201F287400B7EC26 /* DXBaseModel.m */ = {isa = PBXFileReference; lastKnownFileType = sourcecode.c.objc; path = DXBaseModel.m; sourceTree = "<group>"; };
		8E9CB994201F288900B7EC26 /* DXBaseViewModel.h */ = {isa = PBXFileReference; lastKnownFileType = sourcecode.c.h; path = DXBaseViewModel.h; sourceTree = "<group>"; };
		8E9CB995201F288900B7EC26 /* DXBaseViewModel.m */ = {isa = PBXFileReference; lastKnownFileType = sourcecode.c.objc; path = DXBaseViewModel.m; sourceTree = "<group>"; };
		8E9CB997201F289E00B7EC26 /* DXLoginView.h */ = {isa = PBXFileReference; lastKnownFileType = sourcecode.c.h; path = DXLoginView.h; sourceTree = "<group>"; };
		8E9CB998201F289E00B7EC26 /* DXLoginView.m */ = {isa = PBXFileReference; lastKnownFileType = sourcecode.c.objc; path = DXLoginView.m; sourceTree = "<group>"; };
		8E9CB99A201F29D700B7EC26 /* UIView+DXNib.h */ = {isa = PBXFileReference; lastKnownFileType = sourcecode.c.h; path = "UIView+DXNib.h"; sourceTree = "<group>"; };
		8E9CB99B201F29D700B7EC26 /* UIView+DXNib.m */ = {isa = PBXFileReference; lastKnownFileType = sourcecode.c.objc; path = "UIView+DXNib.m"; sourceTree = "<group>"; };
		8E9CB99D201F2A4900B7EC26 /* DXBaseView.m */ = {isa = PBXFileReference; fileEncoding = 4; lastKnownFileType = sourcecode.c.objc; path = DXBaseView.m; sourceTree = "<group>"; };
		8E9CB99E201F2A4900B7EC26 /* DXBaseView.h */ = {isa = PBXFileReference; fileEncoding = 4; lastKnownFileType = sourcecode.c.h; path = DXBaseView.h; sourceTree = "<group>"; };
		8E9CB9A0201F2A8300B7EC26 /* DXLoginInputView.h */ = {isa = PBXFileReference; lastKnownFileType = sourcecode.c.h; path = DXLoginInputView.h; sourceTree = "<group>"; };
		8E9CB9A1201F2A8300B7EC26 /* DXLoginInputView.m */ = {isa = PBXFileReference; lastKnownFileType = sourcecode.c.objc; path = DXLoginInputView.m; sourceTree = "<group>"; };
		8E9CB9A3201F49A000B7EC26 /* UILabel+DXCreate.h */ = {isa = PBXFileReference; lastKnownFileType = sourcecode.c.h; path = "UILabel+DXCreate.h"; sourceTree = "<group>"; };
		8E9CB9A4201F49A000B7EC26 /* UILabel+DXCreate.m */ = {isa = PBXFileReference; lastKnownFileType = sourcecode.c.objc; path = "UILabel+DXCreate.m"; sourceTree = "<group>"; };
		8E9CB9A6201F4A9500B7EC26 /* UIViewCatograyHeader.h */ = {isa = PBXFileReference; lastKnownFileType = sourcecode.c.h; path = UIViewCatograyHeader.h; sourceTree = "<group>"; };
		8E9CB9A7201F4CB000B7EC26 /* UITextField+DXCreate.h */ = {isa = PBXFileReference; lastKnownFileType = sourcecode.c.h; path = "UITextField+DXCreate.h"; sourceTree = "<group>"; };
		8E9CB9A8201F4CB000B7EC26 /* UITextField+DXCreate.m */ = {isa = PBXFileReference; lastKnownFileType = sourcecode.c.objc; path = "UITextField+DXCreate.m"; sourceTree = "<group>"; };
		8E9CB9AA201F4F1D00B7EC26 /* UIView+DXCreate.h */ = {isa = PBXFileReference; lastKnownFileType = sourcecode.c.h; path = "UIView+DXCreate.h"; sourceTree = "<group>"; };
		8E9CB9AB201F4F1D00B7EC26 /* UIView+DXCreate.m */ = {isa = PBXFileReference; lastKnownFileType = sourcecode.c.objc; path = "UIView+DXCreate.m"; sourceTree = "<group>"; };
		8E9CB9AD2020084200B7EC26 /* DXBaseButton.h */ = {isa = PBXFileReference; lastKnownFileType = sourcecode.c.h; path = DXBaseButton.h; sourceTree = "<group>"; };
		8E9CB9AE2020084200B7EC26 /* DXBaseButton.m */ = {isa = PBXFileReference; lastKnownFileType = sourcecode.c.objc; path = DXBaseButton.m; sourceTree = "<group>"; };
		8EB88F6D1FD827C4008AF03F /* MVVM.app */ = {isa = PBXFileReference; explicitFileType = wrapper.application; includeInIndex = 0; path = MVVM.app; sourceTree = BUILT_PRODUCTS_DIR; };
		8EB88F7E1FD827C4008AF03F /* Info.plist */ = {isa = PBXFileReference; lastKnownFileType = text.plist.xml; path = Info.plist; sourceTree = "<group>"; };
		8EB88F7F1FD827C4008AF03F /* main.m */ = {isa = PBXFileReference; lastKnownFileType = sourcecode.c.objc; path = main.m; sourceTree = "<group>"; };
		8EB88F851FD827C4008AF03F /* MVVMTests.xctest */ = {isa = PBXFileReference; explicitFileType = wrapper.cfbundle; includeInIndex = 0; path = MVVMTests.xctest; sourceTree = BUILT_PRODUCTS_DIR; };
		8EB88F891FD827C4008AF03F /* MVVMTests.m */ = {isa = PBXFileReference; lastKnownFileType = sourcecode.c.objc; path = MVVMTests.m; sourceTree = "<group>"; };
		8EB88F8B1FD827C4008AF03F /* Info.plist */ = {isa = PBXFileReference; lastKnownFileType = text.plist.xml; path = Info.plist; sourceTree = "<group>"; };
		8EB88F901FD827C4008AF03F /* MVVMUITests.xctest */ = {isa = PBXFileReference; explicitFileType = wrapper.cfbundle; includeInIndex = 0; path = MVVMUITests.xctest; sourceTree = BUILT_PRODUCTS_DIR; };
		8EB88F941FD827C4008AF03F /* MVVMUITests.m */ = {isa = PBXFileReference; lastKnownFileType = sourcecode.c.objc; path = MVVMUITests.m; sourceTree = "<group>"; };
		8EB88F961FD827C4008AF03F /* Info.plist */ = {isa = PBXFileReference; lastKnownFileType = text.plist.xml; path = Info.plist; sourceTree = "<group>"; };
		9A740796565E260E44B1C2A1 /* Pods-MVVM.release.xcconfig */ = {isa = PBXFileReference; includeInIndex = 1; lastKnownFileType = text.xcconfig; name = "Pods-MVVM.release.xcconfig"; path = "Pods/Target Support Files/Pods-MVVM/Pods-MVVM.release.xcconfig"; sourceTree = "<group>"; };
		9DE07ECBAA45F0278E80F5B3 /* libPods-MVVMUITests.a */ = {isa = PBXFileReference; explicitFileType = archive.ar; includeInIndex = 0; path = "libPods-MVVMUITests.a"; sourceTree = BUILT_PRODUCTS_DIR; };
		BD069E3D90298BB54FC1C335 /* libPods-MVVMTests.a */ = {isa = PBXFileReference; explicitFileType = archive.ar; includeInIndex = 0; path = "libPods-MVVMTests.a"; sourceTree = BUILT_PRODUCTS_DIR; };
		C9E4E553B7EF2F757297D7B4 /* Pods-MVVMUITests.debug.xcconfig */ = {isa = PBXFileReference; includeInIndex = 1; lastKnownFileType = text.xcconfig; name = "Pods-MVVMUITests.debug.xcconfig"; path = "Pods/Target Support Files/Pods-MVVMUITests/Pods-MVVMUITests.debug.xcconfig"; sourceTree = "<group>"; };
		CB43F8D8749B2F2BE585C320 /* Pods-MVVMTests.debug.xcconfig */ = {isa = PBXFileReference; includeInIndex = 1; lastKnownFileType = text.xcconfig; name = "Pods-MVVMTests.debug.xcconfig"; path = "Pods/Target Support Files/Pods-MVVMTests/Pods-MVVMTests.debug.xcconfig"; sourceTree = "<group>"; };
/* End PBXFileReference section */

/* Begin PBXFrameworksBuildPhase section */
		8EB88F6A1FD827C4008AF03F /* Frameworks */ = {
			isa = PBXFrameworksBuildPhase;
			buildActionMask = 2147483647;
			files = (
				C7D0E143B1F6785F1FAA01BB /* libPods-MVVM.a in Frameworks */,
			);
			runOnlyForDeploymentPostprocessing = 0;
		};
		8EB88F821FD827C4008AF03F /* Frameworks */ = {
			isa = PBXFrameworksBuildPhase;
			buildActionMask = 2147483647;
			files = (
				2A920C74D5827443A838E235 /* libPods-MVVMTests.a in Frameworks */,
			);
			runOnlyForDeploymentPostprocessing = 0;
		};
		8EB88F8D1FD827C4008AF03F /* Frameworks */ = {
			isa = PBXFrameworksBuildPhase;
			buildActionMask = 2147483647;
			files = (
				4C082B8A335B46A76871887F /* libPods-MVVMUITests.a in Frameworks */,
			);
			runOnlyForDeploymentPostprocessing = 0;
		};
/* End PBXFrameworksBuildPhase section */

/* Begin PBXGroup section */
		01EDC068BC669CB1B1288EA9 /* Pods */ = {
			isa = PBXGroup;
			children = (
				184D6AC58AD5361B40755E25 /* Pods-MVVM.debug.xcconfig */,
				9A740796565E260E44B1C2A1 /* Pods-MVVM.release.xcconfig */,
				CB43F8D8749B2F2BE585C320 /* Pods-MVVMTests.debug.xcconfig */,
				88597D5A8DD4BE07D8090EEE /* Pods-MVVMTests.release.xcconfig */,
				C9E4E553B7EF2F757297D7B4 /* Pods-MVVMUITests.debug.xcconfig */,
				06442CCB7210B2F550AF4DC8 /* Pods-MVVMUITests.release.xcconfig */,
			);
			name = Pods;
			sourceTree = "<group>";
		};
		8E4E42081FE0E2F700DEEEB3 /* CustomTabBar */ = {
			isa = PBXGroup;
			children = (
				8E4E42091FE0E2F700DEEEB3 /* DXTabBarController.h */,
				8E4E420D1FE0E2F700DEEEB3 /* DXTabBarController.m */,
				8E4E420F1FE0E2F700DEEEB3 /* DXTabBarButton.h */,
				8E4E420B1FE0E2F700DEEEB3 /* DXTabBarButton.m */,
				8E4E42101FE0E2F700DEEEB3 /* DXTabBar.h */,
				8E4E420C1FE0E2F700DEEEB3 /* DXTabBar.m */,
				8E4E420A1FE0E2F700DEEEB3 /* DXTabBarItem.h */,
				8E4E420E1FE0E2F700DEEEB3 /* DXTabBarItem.m */,
			);
			path = CustomTabBar;
			sourceTree = "<group>";
		};
		8E4E42151FE0E36000DEEEB3 /* CustomNavigate */ = {
			isa = PBXGroup;
			children = (
				8E4E42201FE0E36000DEEEB3 /* DXNavigationController.h */,
				8E4E42221FE0E36000DEEEB3 /* DXNavigationController.m */,
			);
			path = CustomNavigate;
			sourceTree = "<group>";
		};
		8E4E42291FE0E3B000DEEEB3 /* HomePage */ = {
			isa = PBXGroup;
			children = (
				8E4E422D1FE0E3F300DEEEB3 /* DXHomePageVC.h */,
				8E4E422E1FE0E3F300DEEEB3 /* DXHomePageVC.m */,
			);
			path = HomePage;
			sourceTree = "<group>";
		};
		8E4E42301FE0E41500DEEEB3 /* Contact */ = {
			isa = PBXGroup;
			children = (
				8E4E42311FE0E46F00DEEEB3 /* DXContactVC.h */,
				8E4E42321FE0E46F00DEEEB3 /* DXContactVC.m */,
			);
			path = Contact;
			sourceTree = "<group>";
		};
		8E4E42341FE0E4BF00DEEEB3 /* Discover */ = {
			isa = PBXGroup;
			children = (
				8E4E42351FE0E4D100DEEEB3 /* DXDiscoverVC.h */,
				8E4E42361FE0E4D100DEEEB3 /* DXDiscoverVC.m */,
			);
			path = Discover;
			sourceTree = "<group>";
		};
		8E4E42391FE0E4EE00DEEEB3 /* Me */ = {
			isa = PBXGroup;
			children = (
				8E4E423A1FE0E4FA00DEEEB3 /* DXMeVC.h */,
				8E4E423B1FE0E4FA00DEEEB3 /* DXMeVC.m */,
			);
			path = Me;
			sourceTree = "<group>";
		};
		8E8656211FDEB0F200829514 /* Custom */ = {
			isa = PBXGroup;
			children = (
				8E4E42151FE0E36000DEEEB3 /* CustomNavigate */,
				8E4E42081FE0E2F700DEEEB3 /* CustomTabBar */,
			);
			path = Custom;
			sourceTree = "<group>";
		};
		8E8656221FDEB0F200829514 /* Base */ = {
			isa = PBXGroup;
			children = (
				8E4E422A1FE0E3DD00DEEEB3 /* DXBaseViewController.h */,
				8E4E422B1FE0E3DD00DEEEB3 /* DXBaseViewController.m */,
				8E9CB99E201F2A4900B7EC26 /* DXBaseView.h */,
				8E9CB99D201F2A4900B7EC26 /* DXBaseView.m */,
				8E9CB991201F287400B7EC26 /* DXBaseModel.h */,
				8E9CB992201F287400B7EC26 /* DXBaseModel.m */,
				8E9CB994201F288900B7EC26 /* DXBaseViewModel.h */,
				8E9CB995201F288900B7EC26 /* DXBaseViewModel.m */,
				8E9CB9AD2020084200B7EC26 /* DXBaseButton.h */,
				8E9CB9AE2020084200B7EC26 /* DXBaseButton.m */,
			);
			path = Base;
			sourceTree = "<group>";
		};
		8E8656241FDEB0F200829514 /* Support */ = {
			isa = PBXGroup;
			children = (
				8E86562B1FDEB1B800829514 /* Category */,
				8E86562A1FDEB1B800829514 /* Macro */,
				8E8656291FDEB1B800829514 /* PCH */,
				8E86562D1FDEB1B800829514 /* Singleton */,
				8E86562C1FDEB1B800829514 /* Tools */,
			);
			path = Support;
			sourceTree = "<group>";
		};
		8E8656251FDEB0F200829514 /* Classes */ = {
			isa = PBXGroup;
			children = (
				8E9CB988201F224500B7EC26 /* Login */,
			);
			path = Classes;
			sourceTree = "<group>";
		};
		8E8656261FDEB0F300829514 /* Framework */ = {
			isa = PBXGroup;
			children = (
			);
			path = Framework;
			sourceTree = "<group>";
		};
		8E8656271FDEB0F300829514 /* API */ = {
			isa = PBXGroup;
			children = (
			);
			path = API;
			sourceTree = "<group>";
		};
		8E8656281FDEB0F300829514 /* Resources */ = {
			isa = PBXGroup;
			children = (
			);
			path = Resources;
			sourceTree = "<group>";
		};
		8E8656291FDEB1B800829514 /* PCH */ = {
			isa = PBXGroup;
			children = (
			);
			path = PCH;
			sourceTree = "<group>";
		};
		8E86562A1FDEB1B800829514 /* Macro */ = {
			isa = PBXGroup;
			children = (
				8E9CB982201F136500B7EC26 /* DXMacro.h */,
			);
			path = Macro;
			sourceTree = "<group>";
		};
		8E86562B1FDEB1B800829514 /* Category */ = {
			isa = PBXGroup;
			children = (
				8E9CB9A6201F4A9500B7EC26 /* UIViewCatograyHeader.h */,
				8E8D38252020511D00C0ACFC /* UIImage+DXExtension.h */,
				8E8D38262020511D00C0ACFC /* UIImage+DXExtension.m */,
				8E8D382220204EA900C0ACFC /* UIBarButtonItem+DXCreate.h */,
				8E8D382320204EAA00C0ACFC /* UIBarButtonItem+DXCreate.m */,
				8E4E423E1FE0E7EB00DEEEB3 /* UIView+Extension.h */,
				8E4E423F1FE0E7EB00DEEEB3 /* UIView+Extension.m */,
				8E9CB99A201F29D700B7EC26 /* UIView+DXNib.h */,
				8E9CB99B201F29D700B7EC26 /* UIView+DXNib.m */,
				8E9CB9A3201F49A000B7EC26 /* UILabel+DXCreate.h */,
				8E9CB9A4201F49A000B7EC26 /* UILabel+DXCreate.m */,
				8E9CB9A7201F4CB000B7EC26 /* UITextField+DXCreate.h */,
				8E9CB9A8201F4CB000B7EC26 /* UITextField+DXCreate.m */,
				8E9CB9AA201F4F1D00B7EC26 /* UIView+DXCreate.h */,
				8E9CB9AB201F4F1D00B7EC26 /* UIView+DXCreate.m */,
				8E8D381720201D2F00C0ACFC /* UIButton+DXCreate.h */,
				8E8D381820201D2F00C0ACFC /* UIButton+DXCreate.m */,
				8E8D381F2020472300C0ACFC /* UIImageView+DXCreate.h */,
				8E8D38202020472300C0ACFC /* UIImageView+DXCreate.m */,
			);
			path = Category;
			sourceTree = "<group>";
		};
		8E86562C1FDEB1B800829514 /* Tools */ = {
			isa = PBXGroup;
			children = (
				8E8D381A202020F000C0ACFC /* DXTools.h */,
				8E8D381B202020F000C0ACFC /* DXTools.m */,
			);
			path = Tools;
			sourceTree = "<group>";
		};
		8E86562D1FDEB1B800829514 /* Singleton */ = {
			isa = PBXGroup;
			children = (
			);
			path = Singleton;
			sourceTree = "<group>";
		};
		8E86562F1FDEB26400829514 /* Main */ = {
			isa = PBXGroup;
			children = (
				8E4E42391FE0E4EE00DEEEB3 /* Me */,
				8E4E42341FE0E4BF00DEEEB3 /* Discover */,
				8E4E42301FE0E41500DEEEB3 /* Contact */,
				8E4E42291FE0E3B000DEEEB3 /* HomePage */,
			);
			path = Main;
			sourceTree = "<group>";
		};
		8E8656341FDEB4B300829514 /* Others */ = {
			isa = PBXGroup;
			children = (
				8E8D381D2020463500C0ACFC /* Assets.xcassets */,
				8E4E423D1FE0E67800DEEEB3 /* PrefixHeader.pch */,
				8EB88F7F1FD827C4008AF03F /* main.m */,
				8EB88F7E1FD827C4008AF03F /* Info.plist */,
			);
			name = Others;
			sourceTree = "<group>";
		};
		8E9CB988201F224500B7EC26 /* Login */ = {
			isa = PBXGroup;
			children = (
				8E9CB98C201F228600B7EC26 /* Controller */,
				8E9CB98D201F229600B7EC26 /* View */,
			);
			path = Login;
			sourceTree = "<group>";
		};
		8E9CB98C201F228600B7EC26 /* Controller */ = {
			isa = PBXGroup;
			children = (
				8E9CB989201F226900B7EC26 /* DXLoginVC.h */,
				8E9CB98A201F226900B7EC26 /* DXLoginVC.m */,
			);
			path = Controller;
			sourceTree = "<group>";
		};
		8E9CB98D201F229600B7EC26 /* View */ = {
			isa = PBXGroup;
			children = (
				8E9CB997201F289E00B7EC26 /* DXLoginView.h */,
				8E9CB998201F289E00B7EC26 /* DXLoginView.m */,
				8E9CB9A0201F2A8300B7EC26 /* DXLoginInputView.h */,
				8E9CB9A1201F2A8300B7EC26 /* DXLoginInputView.m */,
			);
			path = View;
			sourceTree = "<group>";
		};
		8EB88F641FD827C4008AF03F = {
			isa = PBXGroup;
			children = (
				8EB88F6F1FD827C4008AF03F /* MVVM */,
				8EB88F881FD827C4008AF03F /* MVVMTests */,
				8EB88F931FD827C4008AF03F /* MVVMUITests */,
				8EB88F6E1FD827C4008AF03F /* Products */,
				01EDC068BC669CB1B1288EA9 /* Pods */,
				C9A91C223700BE26660A7277 /* Frameworks */,
			);
			sourceTree = "<group>";
		};
		8EB88F6E1FD827C4008AF03F /* Products */ = {
			isa = PBXGroup;
			children = (
				8EB88F6D1FD827C4008AF03F /* MVVM.app */,
				8EB88F851FD827C4008AF03F /* MVVMTests.xctest */,
				8EB88F901FD827C4008AF03F /* MVVMUITests.xctest */,
			);
			name = Products;
			sourceTree = "<group>";
		};
		8EB88F6F1FD827C4008AF03F /* MVVM */ = {
			isa = PBXGroup;
			children = (
				8E8656301FDEB2CC00829514 /* DXAppDelegate.h */,
				8E8656311FDEB2CC00829514 /* DXAppDelegate.m */,
				8E86562F1FDEB26400829514 /* Main */,
				8E8656221FDEB0F200829514 /* Base */,
				8E8656251FDEB0F200829514 /* Classes */,
				8E8656211FDEB0F200829514 /* Custom */,
				8E8656271FDEB0F300829514 /* API */,
				8E8656261FDEB0F300829514 /* Framework */,
				8E8656241FDEB0F200829514 /* Support */,
				8E8656281FDEB0F300829514 /* Resources */,
				8E8656341FDEB4B300829514 /* Others */,
			);
			path = MVVM;
			sourceTree = "<group>";
		};
		8EB88F881FD827C4008AF03F /* MVVMTests */ = {
			isa = PBXGroup;
			children = (
				8EB88F891FD827C4008AF03F /* MVVMTests.m */,
				8EB88F8B1FD827C4008AF03F /* Info.plist */,
			);
			path = MVVMTests;
			sourceTree = "<group>";
		};
		8EB88F931FD827C4008AF03F /* MVVMUITests */ = {
			isa = PBXGroup;
			children = (
				8EB88F941FD827C4008AF03F /* MVVMUITests.m */,
				8EB88F961FD827C4008AF03F /* Info.plist */,
			);
			path = MVVMUITests;
			sourceTree = "<group>";
		};
		C9A91C223700BE26660A7277 /* Frameworks */ = {
			isa = PBXGroup;
			children = (
				65158F16447EB9F0531C961B /* libPods-MVVM.a */,
				BD069E3D90298BB54FC1C335 /* libPods-MVVMTests.a */,
				9DE07ECBAA45F0278E80F5B3 /* libPods-MVVMUITests.a */,
			);
			name = Frameworks;
			sourceTree = "<group>";
		};
/* End PBXGroup section */

/* Begin PBXNativeTarget section */
		8EB88F6C1FD827C4008AF03F /* MVVM */ = {
			isa = PBXNativeTarget;
			buildConfigurationList = 8EB88F991FD827C4008AF03F /* Build configuration list for PBXNativeTarget "MVVM" */;
			buildPhases = (
				0EA86C82215308CE20FBDD8D /* [CP] Check Pods Manifest.lock */,
				8EB88F691FD827C4008AF03F /* Sources */,
				8EB88F6A1FD827C4008AF03F /* Frameworks */,
				8EB88F6B1FD827C4008AF03F /* Resources */,
				A093AD1DBE8B53F288227AC9 /* [CP] Embed Pods Frameworks */,
				20DB65967BD98061539C12B4 /* [CP] Copy Pods Resources */,
			);
			buildRules = (
			);
			dependencies = (
			);
			name = MVVM;
			productName = MVVM;
			productReference = 8EB88F6D1FD827C4008AF03F /* MVVM.app */;
			productType = "com.apple.product-type.application";
		};
		8EB88F841FD827C4008AF03F /* MVVMTests */ = {
			isa = PBXNativeTarget;
			buildConfigurationList = 8EB88F9C1FD827C4008AF03F /* Build configuration list for PBXNativeTarget "MVVMTests" */;
			buildPhases = (
				5212F7D6A91C61C54F5C7281 /* [CP] Check Pods Manifest.lock */,
				8EB88F811FD827C4008AF03F /* Sources */,
				8EB88F821FD827C4008AF03F /* Frameworks */,
				8EB88F831FD827C4008AF03F /* Resources */,
				2091142D69A66FD23497854F /* [CP] Embed Pods Frameworks */,
				827AAFBF546BBCB6314ADC94 /* [CP] Copy Pods Resources */,
			);
			buildRules = (
			);
			dependencies = (
				8EB88F871FD827C4008AF03F /* PBXTargetDependency */,
			);
			name = MVVMTests;
			productName = MVVMTests;
			productReference = 8EB88F851FD827C4008AF03F /* MVVMTests.xctest */;
			productType = "com.apple.product-type.bundle.unit-test";
		};
		8EB88F8F1FD827C4008AF03F /* MVVMUITests */ = {
			isa = PBXNativeTarget;
			buildConfigurationList = 8EB88F9F1FD827C4008AF03F /* Build configuration list for PBXNativeTarget "MVVMUITests" */;
			buildPhases = (
				71E689CE5013ED882EE7F50A /* [CP] Check Pods Manifest.lock */,
				8EB88F8C1FD827C4008AF03F /* Sources */,
				8EB88F8D1FD827C4008AF03F /* Frameworks */,
				8EB88F8E1FD827C4008AF03F /* Resources */,
				C8E147EDA3F8CC5852629B5A /* [CP] Embed Pods Frameworks */,
				5F25701CAA0A619FADB5C116 /* [CP] Copy Pods Resources */,
			);
			buildRules = (
			);
			dependencies = (
				8EB88F921FD827C4008AF03F /* PBXTargetDependency */,
			);
			name = MVVMUITests;
			productName = MVVMUITests;
			productReference = 8EB88F901FD827C4008AF03F /* MVVMUITests.xctest */;
			productType = "com.apple.product-type.bundle.ui-testing";
		};
/* End PBXNativeTarget section */

/* Begin PBXProject section */
		8EB88F651FD827C4008AF03F /* Project object */ = {
			isa = PBXProject;
			attributes = {
				CLASSPREFIX = DX;
				LastUpgradeCheck = 0910;
				ORGANIZATIONNAME = DXin;
				TargetAttributes = {
					8EB88F6C1FD827C4008AF03F = {
						CreatedOnToolsVersion = 9.1;
						ProvisioningStyle = Automatic;
					};
					8EB88F841FD827C4008AF03F = {
						CreatedOnToolsVersion = 9.1;
						ProvisioningStyle = Automatic;
						TestTargetID = 8EB88F6C1FD827C4008AF03F;
					};
					8EB88F8F1FD827C4008AF03F = {
						CreatedOnToolsVersion = 9.1;
						ProvisioningStyle = Automatic;
						TestTargetID = 8EB88F6C1FD827C4008AF03F;
					};
				};
			};
			buildConfigurationList = 8EB88F681FD827C4008AF03F /* Build configuration list for PBXProject "MVVM" */;
			compatibilityVersion = "Xcode 8.0";
			developmentRegion = en;
			hasScannedForEncodings = 0;
			knownRegions = (
				en,
				Base,
			);
			mainGroup = 8EB88F641FD827C4008AF03F;
			productRefGroup = 8EB88F6E1FD827C4008AF03F /* Products */;
			projectDirPath = "";
			projectRoot = "";
			targets = (
				8EB88F6C1FD827C4008AF03F /* MVVM */,
				8EB88F841FD827C4008AF03F /* MVVMTests */,
				8EB88F8F1FD827C4008AF03F /* MVVMUITests */,
			);
		};
/* End PBXProject section */

/* Begin PBXResourcesBuildPhase section */
		8EB88F6B1FD827C4008AF03F /* Resources */ = {
			isa = PBXResourcesBuildPhase;
			buildActionMask = 2147483647;
			files = (
				8E8D381E2020463500C0ACFC /* Assets.xcassets in Resources */,
			);
			runOnlyForDeploymentPostprocessing = 0;
		};
		8EB88F831FD827C4008AF03F /* Resources */ = {
			isa = PBXResourcesBuildPhase;
			buildActionMask = 2147483647;
			files = (
			);
			runOnlyForDeploymentPostprocessing = 0;
		};
		8EB88F8E1FD827C4008AF03F /* Resources */ = {
			isa = PBXResourcesBuildPhase;
			buildActionMask = 2147483647;
			files = (
			);
			runOnlyForDeploymentPostprocessing = 0;
		};
/* End PBXResourcesBuildPhase section */

/* Begin PBXShellScriptBuildPhase section */
		0EA86C82215308CE20FBDD8D /* [CP] Check Pods Manifest.lock */ = {
			isa = PBXShellScriptBuildPhase;
			buildActionMask = 2147483647;
			files = (
			);
			inputPaths = (
			);
			name = "[CP] Check Pods Manifest.lock";
			outputPaths = (
			);
			runOnlyForDeploymentPostprocessing = 0;
			shellPath = /bin/sh;
			shellScript = "diff \"${PODS_ROOT}/../Podfile.lock\" \"${PODS_ROOT}/Manifest.lock\" > /dev/null\nif [ $? != 0 ] ; then\n    # print error to STDERR\n    echo \"error: The sandbox is not in sync with the Podfile.lock. Run 'pod install' or update your CocoaPods installation.\" >&2\n    exit 1\nfi\n";
			showEnvVarsInLog = 0;
		};
		2091142D69A66FD23497854F /* [CP] Embed Pods Frameworks */ = {
			isa = PBXShellScriptBuildPhase;
			buildActionMask = 2147483647;
			files = (
			);
			inputPaths = (
			);
			name = "[CP] Embed Pods Frameworks";
			outputPaths = (
			);
			runOnlyForDeploymentPostprocessing = 0;
			shellPath = /bin/sh;
			shellScript = "\"${SRCROOT}/Pods/Target Support Files/Pods-MVVMTests/Pods-MVVMTests-frameworks.sh\"\n";
			showEnvVarsInLog = 0;
		};
		20DB65967BD98061539C12B4 /* [CP] Copy Pods Resources */ = {
			isa = PBXShellScriptBuildPhase;
			buildActionMask = 2147483647;
			files = (
			);
			inputPaths = (
			);
			name = "[CP] Copy Pods Resources";
			outputPaths = (
			);
			runOnlyForDeploymentPostprocessing = 0;
			shellPath = /bin/sh;
			shellScript = "\"${SRCROOT}/Pods/Target Support Files/Pods-MVVM/Pods-MVVM-resources.sh\"\n";
			showEnvVarsInLog = 0;
		};
		5212F7D6A91C61C54F5C7281 /* [CP] Check Pods Manifest.lock */ = {
			isa = PBXShellScriptBuildPhase;
			buildActionMask = 2147483647;
			files = (
			);
			inputPaths = (
			);
			name = "[CP] Check Pods Manifest.lock";
			outputPaths = (
			);
			runOnlyForDeploymentPostprocessing = 0;
			shellPath = /bin/sh;
			shellScript = "diff \"${PODS_ROOT}/../Podfile.lock\" \"${PODS_ROOT}/Manifest.lock\" > /dev/null\nif [ $? != 0 ] ; then\n    # print error to STDERR\n    echo \"error: The sandbox is not in sync with the Podfile.lock. Run 'pod install' or update your CocoaPods installation.\" >&2\n    exit 1\nfi\n";
			showEnvVarsInLog = 0;
		};
		5F25701CAA0A619FADB5C116 /* [CP] Copy Pods Resources */ = {
			isa = PBXShellScriptBuildPhase;
			buildActionMask = 2147483647;
			files = (
			);
			inputPaths = (
			);
			name = "[CP] Copy Pods Resources";
			outputPaths = (
			);
			runOnlyForDeploymentPostprocessing = 0;
			shellPath = /bin/sh;
			shellScript = "\"${SRCROOT}/Pods/Target Support Files/Pods-MVVMUITests/Pods-MVVMUITests-resources.sh\"\n";
			showEnvVarsInLog = 0;
		};
		71E689CE5013ED882EE7F50A /* [CP] Check Pods Manifest.lock */ = {
			isa = PBXShellScriptBuildPhase;
			buildActionMask = 2147483647;
			files = (
			);
			inputPaths = (
			);
			name = "[CP] Check Pods Manifest.lock";
			outputPaths = (
			);
			runOnlyForDeploymentPostprocessing = 0;
			shellPath = /bin/sh;
			shellScript = "diff \"${PODS_ROOT}/../Podfile.lock\" \"${PODS_ROOT}/Manifest.lock\" > /dev/null\nif [ $? != 0 ] ; then\n    # print error to STDERR\n    echo \"error: The sandbox is not in sync with the Podfile.lock. Run 'pod install' or update your CocoaPods installation.\" >&2\n    exit 1\nfi\n";
			showEnvVarsInLog = 0;
		};
		827AAFBF546BBCB6314ADC94 /* [CP] Copy Pods Resources */ = {
			isa = PBXShellScriptBuildPhase;
			buildActionMask = 2147483647;
			files = (
			);
			inputPaths = (
			);
			name = "[CP] Copy Pods Resources";
			outputPaths = (
			);
			runOnlyForDeploymentPostprocessing = 0;
			shellPath = /bin/sh;
			shellScript = "\"${SRCROOT}/Pods/Target Support Files/Pods-MVVMTests/Pods-MVVMTests-resources.sh\"\n";
			showEnvVarsInLog = 0;
		};
		A093AD1DBE8B53F288227AC9 /* [CP] Embed Pods Frameworks */ = {
			isa = PBXShellScriptBuildPhase;
			buildActionMask = 2147483647;
			files = (
			);
			inputPaths = (
			);
			name = "[CP] Embed Pods Frameworks";
			outputPaths = (
			);
			runOnlyForDeploymentPostprocessing = 0;
			shellPath = /bin/sh;
			shellScript = "\"${SRCROOT}/Pods/Target Support Files/Pods-MVVM/Pods-MVVM-frameworks.sh\"\n";
			showEnvVarsInLog = 0;
		};
		C8E147EDA3F8CC5852629B5A /* [CP] Embed Pods Frameworks */ = {
			isa = PBXShellScriptBuildPhase;
			buildActionMask = 2147483647;
			files = (
			);
			inputPaths = (
			);
			name = "[CP] Embed Pods Frameworks";
			outputPaths = (
			);
			runOnlyForDeploymentPostprocessing = 0;
			shellPath = /bin/sh;
			shellScript = "\"${SRCROOT}/Pods/Target Support Files/Pods-MVVMUITests/Pods-MVVMUITests-frameworks.sh\"\n";
			showEnvVarsInLog = 0;
		};
/* End PBXShellScriptBuildPhase section */

/* Begin PBXSourcesBuildPhase section */
		8EB88F691FD827C4008AF03F /* Sources */ = {
			isa = PBXSourcesBuildPhase;
			buildActionMask = 2147483647;
			files = (
				8E9CB993201F287400B7EC26 /* DXBaseModel.m in Sources */,
				8E9CB99F201F2A4900B7EC26 /* DXBaseView.m in Sources */,
				8E4E422F1FE0E3F300DEEEB3 /* DXHomePageVC.m in Sources */,
				8E9CB999201F289E00B7EC26 /* DXLoginView.m in Sources */,
				8E4E42121FE0E2F700DEEEB3 /* DXTabBar.m in Sources */,
				8E9CB9A2201F2A8300B7EC26 /* DXLoginInputView.m in Sources */,
				8EB88F801FD827C4008AF03F /* main.m in Sources */,
				8E9CB9A5201F49A000B7EC26 /* UILabel+DXCreate.m in Sources */,
				8E4E42371FE0E4D100DEEEB3 /* DXDiscoverVC.m in Sources */,
				8E8D38212020472300C0ACFC /* UIImageView+DXCreate.m in Sources */,
				8E4E42141FE0E2F700DEEEB3 /* DXTabBarItem.m in Sources */,
				8E4E42131FE0E2F700DEEEB3 /* DXTabBarController.m in Sources */,
				8E8D38272020511E00C0ACFC /* UIImage+DXExtension.m in Sources */,
				8E4E42331FE0E46F00DEEEB3 /* DXContactVC.m in Sources */,
				8E4E42281FE0E36000DEEEB3 /* DXNavigationController.m in Sources */,
				8E4E423C1FE0E4FA00DEEEB3 /* DXMeVC.m in Sources */,
				8E8D382420204EAA00C0ACFC /* UIBarButtonItem+DXCreate.m in Sources */,
				8E4E42401FE0E7EB00DEEEB3 /* UIView+Extension.m in Sources */,
				8E8D381920201D2F00C0ACFC /* UIButton+DXCreate.m in Sources */,
				8E4E422C1FE0E3DD00DEEEB3 /* DXBaseViewController.m in Sources */,
				8E8D381C202020F000C0ACFC /* DXTools.m in Sources */,
				8E8656321FDEB2CC00829514 /* DXAppDelegate.m in Sources */,
				8E9CB996201F288900B7EC26 /* DXBaseViewModel.m in Sources */,
				8E9CB9AC201F4F1D00B7EC26 /* UIView+DXCreate.m in Sources */,
				8E9CB98B201F226900B7EC26 /* DXLoginVC.m in Sources */,
				8E9CB9AF2020084200B7EC26 /* DXBaseButton.m in Sources */,
				8E9CB99C201F29D700B7EC26 /* UIView+DXNib.m in Sources */,
				8E4E42111FE0E2F700DEEEB3 /* DXTabBarButton.m in Sources */,
				8E9CB9A9201F4CB000B7EC26 /* UITextField+DXCreate.m in Sources */,
			);
			runOnlyForDeploymentPostprocessing = 0;
		};
		8EB88F811FD827C4008AF03F /* Sources */ = {
			isa = PBXSourcesBuildPhase;
			buildActionMask = 2147483647;
			files = (
				8EB88F8A1FD827C4008AF03F /* MVVMTests.m in Sources */,
			);
			runOnlyForDeploymentPostprocessing = 0;
		};
		8EB88F8C1FD827C4008AF03F /* Sources */ = {
			isa = PBXSourcesBuildPhase;
			buildActionMask = 2147483647;
			files = (
				8EB88F951FD827C4008AF03F /* MVVMUITests.m in Sources */,
			);
			runOnlyForDeploymentPostprocessing = 0;
		};
/* End PBXSourcesBuildPhase section */

/* Begin PBXTargetDependency section */
		8EB88F871FD827C4008AF03F /* PBXTargetDependency */ = {
			isa = PBXTargetDependency;
			target = 8EB88F6C1FD827C4008AF03F /* MVVM */;
			targetProxy = 8EB88F861FD827C4008AF03F /* PBXContainerItemProxy */;
		};
		8EB88F921FD827C4008AF03F /* PBXTargetDependency */ = {
			isa = PBXTargetDependency;
			target = 8EB88F6C1FD827C4008AF03F /* MVVM */;
			targetProxy = 8EB88F911FD827C4008AF03F /* PBXContainerItemProxy */;
		};
/* End PBXTargetDependency section */

/* Begin XCBuildConfiguration section */
		8EB88F971FD827C4008AF03F /* Debug */ = {
			isa = XCBuildConfiguration;
			buildSettings = {
				ALWAYS_SEARCH_USER_PATHS = NO;
				CLANG_ANALYZER_NONNULL = YES;
				CLANG_ANALYZER_NUMBER_OBJECT_CONVERSION = YES_AGGRESSIVE;
				CLANG_CXX_LANGUAGE_STANDARD = "gnu++14";
				CLANG_CXX_LIBRARY = "libc++";
				CLANG_ENABLE_MODULES = YES;
				CLANG_ENABLE_OBJC_ARC = YES;
				CLANG_WARN_BLOCK_CAPTURE_AUTORELEASING = YES;
				CLANG_WARN_BOOL_CONVERSION = YES;
				CLANG_WARN_COMMA = YES;
				CLANG_WARN_CONSTANT_CONVERSION = YES;
				CLANG_WARN_DIRECT_OBJC_ISA_USAGE = YES_ERROR;
				CLANG_WARN_DOCUMENTATION_COMMENTS = YES;
				CLANG_WARN_EMPTY_BODY = YES;
				CLANG_WARN_ENUM_CONVERSION = YES;
				CLANG_WARN_INFINITE_RECURSION = YES;
				CLANG_WARN_INT_CONVERSION = YES;
				CLANG_WARN_NON_LITERAL_NULL_CONVERSION = YES;
				CLANG_WARN_OBJC_LITERAL_CONVERSION = YES;
				CLANG_WARN_OBJC_ROOT_CLASS = YES_ERROR;
				CLANG_WARN_RANGE_LOOP_ANALYSIS = YES;
				CLANG_WARN_STRICT_PROTOTYPES = YES;
				CLANG_WARN_SUSPICIOUS_MOVE = YES;
				CLANG_WARN_UNGUARDED_AVAILABILITY = YES_AGGRESSIVE;
				CLANG_WARN_UNREACHABLE_CODE = YES;
				CLANG_WARN__DUPLICATE_METHOD_MATCH = YES;
				CODE_SIGN_IDENTITY = "iPhone Developer";
				COPY_PHASE_STRIP = NO;
				DEBUG_INFORMATION_FORMAT = dwarf;
				ENABLE_STRICT_OBJC_MSGSEND = YES;
				ENABLE_TESTABILITY = YES;
				GCC_C_LANGUAGE_STANDARD = gnu11;
				GCC_DYNAMIC_NO_PIC = NO;
				GCC_NO_COMMON_BLOCKS = YES;
				GCC_OPTIMIZATION_LEVEL = 0;
				GCC_PREPROCESSOR_DEFINITIONS = (
					"DEBUG=1",
					"$(inherited)",
				);
				GCC_WARN_64_TO_32_BIT_CONVERSION = YES;
				GCC_WARN_ABOUT_RETURN_TYPE = YES_ERROR;
				GCC_WARN_UNDECLARED_SELECTOR = YES;
				GCC_WARN_UNINITIALIZED_AUTOS = YES_AGGRESSIVE;
				GCC_WARN_UNUSED_FUNCTION = YES;
				GCC_WARN_UNUSED_VARIABLE = YES;
				IPHONEOS_DEPLOYMENT_TARGET = 8.0;
				MTL_ENABLE_DEBUG_INFO = YES;
				ONLY_ACTIVE_ARCH = YES;
				SDKROOT = iphoneos;
			};
			name = Debug;
		};
		8EB88F981FD827C4008AF03F /* Release */ = {
			isa = XCBuildConfiguration;
			buildSettings = {
				ALWAYS_SEARCH_USER_PATHS = NO;
				CLANG_ANALYZER_NONNULL = YES;
				CLANG_ANALYZER_NUMBER_OBJECT_CONVERSION = YES_AGGRESSIVE;
				CLANG_CXX_LANGUAGE_STANDARD = "gnu++14";
				CLANG_CXX_LIBRARY = "libc++";
				CLANG_ENABLE_MODULES = YES;
				CLANG_ENABLE_OBJC_ARC = YES;
				CLANG_WARN_BLOCK_CAPTURE_AUTORELEASING = YES;
				CLANG_WARN_BOOL_CONVERSION = YES;
				CLANG_WARN_COMMA = YES;
				CLANG_WARN_CONSTANT_CONVERSION = YES;
				CLANG_WARN_DIRECT_OBJC_ISA_USAGE = YES_ERROR;
				CLANG_WARN_DOCUMENTATION_COMMENTS = YES;
				CLANG_WARN_EMPTY_BODY = YES;
				CLANG_WARN_ENUM_CONVERSION = YES;
				CLANG_WARN_INFINITE_RECURSION = YES;
				CLANG_WARN_INT_CONVERSION = YES;
				CLANG_WARN_NON_LITERAL_NULL_CONVERSION = YES;
				CLANG_WARN_OBJC_LITERAL_CONVERSION = YES;
				CLANG_WARN_OBJC_ROOT_CLASS = YES_ERROR;
				CLANG_WARN_RANGE_LOOP_ANALYSIS = YES;
				CLANG_WARN_STRICT_PROTOTYPES = YES;
				CLANG_WARN_SUSPICIOUS_MOVE = YES;
				CLANG_WARN_UNGUARDED_AVAILABILITY = YES_AGGRESSIVE;
				CLANG_WARN_UNREACHABLE_CODE = YES;
				CLANG_WARN__DUPLICATE_METHOD_MATCH = YES;
				CODE_SIGN_IDENTITY = "iPhone Developer";
				COPY_PHASE_STRIP = NO;
				DEBUG_INFORMATION_FORMAT = "dwarf-with-dsym";
				ENABLE_NS_ASSERTIONS = NO;
				ENABLE_STRICT_OBJC_MSGSEND = YES;
				GCC_C_LANGUAGE_STANDARD = gnu11;
				GCC_NO_COMMON_BLOCKS = YES;
				GCC_WARN_64_TO_32_BIT_CONVERSION = YES;
				GCC_WARN_ABOUT_RETURN_TYPE = YES_ERROR;
				GCC_WARN_UNDECLARED_SELECTOR = YES;
				GCC_WARN_UNINITIALIZED_AUTOS = YES_AGGRESSIVE;
				GCC_WARN_UNUSED_FUNCTION = YES;
				GCC_WARN_UNUSED_VARIABLE = YES;
				IPHONEOS_DEPLOYMENT_TARGET = 8.0;
				MTL_ENABLE_DEBUG_INFO = NO;
				SDKROOT = iphoneos;
				VALIDATE_PRODUCT = YES;
			};
			name = Release;
		};
		8EB88F9A1FD827C4008AF03F /* Debug */ = {
			isa = XCBuildConfiguration;
			baseConfigurationReference = 184D6AC58AD5361B40755E25 /* Pods-MVVM.debug.xcconfig */;
			buildSettings = {
				ASSETCATALOG_COMPILER_APPICON_NAME = AppIcon;
				ASSETCATALOG_COMPILER_LAUNCHIMAGE_NAME = LaunchImage;
				CODE_SIGN_STYLE = Automatic;
				DEVELOPMENT_TEAM = 555MSEDP84;
				GCC_PREFIX_HEADER = "$(SRCROOT)/MVVM/PrefixHeader.pch";
				INFOPLIST_FILE = MVVM/Info.plist;
				IPHONEOS_DEPLOYMENT_TARGET = 8.0;
				LD_RUNPATH_SEARCH_PATHS = "$(inherited) @executable_path/Frameworks";
				PRODUCT_BUNDLE_IDENTIFIER = com.ywx.MVVM;
				PRODUCT_NAME = "$(TARGET_NAME)";
				TARGETED_DEVICE_FAMILY = "1,2";
			};
			name = Debug;
		};
		8EB88F9B1FD827C4008AF03F /* Release */ = {
			isa = XCBuildConfiguration;
			baseConfigurationReference = 9A740796565E260E44B1C2A1 /* Pods-MVVM.release.xcconfig */;
			buildSettings = {
				ASSETCATALOG_COMPILER_APPICON_NAME = AppIcon;
				ASSETCATALOG_COMPILER_LAUNCHIMAGE_NAME = LaunchImage;
				CODE_SIGN_STYLE = Automatic;
				DEVELOPMENT_TEAM = 555MSEDP84;
				GCC_PREFIX_HEADER = "$(SRCROOT)/MVVM/PrefixHeader.pch";
				INFOPLIST_FILE = MVVM/Info.plist;
				IPHONEOS_DEPLOYMENT_TARGET = 8.0;
				LD_RUNPATH_SEARCH_PATHS = "$(inherited) @executable_path/Frameworks";
				PRODUCT_BUNDLE_IDENTIFIER = com.ywx.MVVM;
				PRODUCT_NAME = "$(TARGET_NAME)";
				TARGETED_DEVICE_FAMILY = "1,2";
			};
			name = Release;
		};
		8EB88F9D1FD827C4008AF03F /* Debug */ = {
			isa = XCBuildConfiguration;
			baseConfigurationReference = CB43F8D8749B2F2BE585C320 /* Pods-MVVMTests.debug.xcconfig */;
			buildSettings = {
				BUNDLE_LOADER = "$(TEST_HOST)";
				CODE_SIGN_STYLE = Automatic;
				DEVELOPMENT_TEAM = 555MSEDP84;
				INFOPLIST_FILE = MVVMTests/Info.plist;
				LD_RUNPATH_SEARCH_PATHS = "$(inherited) @executable_path/Frameworks @loader_path/Frameworks";
				PRODUCT_BUNDLE_IDENTIFIER = com.ywx.MVVMTests;
				PRODUCT_NAME = "$(TARGET_NAME)";
				TARGETED_DEVICE_FAMILY = "1,2";
				TEST_HOST = "$(BUILT_PRODUCTS_DIR)/MVVM.app/MVVM";
			};
			name = Debug;
		};
		8EB88F9E1FD827C4008AF03F /* Release */ = {
			isa = XCBuildConfiguration;
			baseConfigurationReference = 88597D5A8DD4BE07D8090EEE /* Pods-MVVMTests.release.xcconfig */;
			buildSettings = {
				BUNDLE_LOADER = "$(TEST_HOST)";
				CODE_SIGN_STYLE = Automatic;
				DEVELOPMENT_TEAM = 555MSEDP84;
				INFOPLIST_FILE = MVVMTests/Info.plist;
				LD_RUNPATH_SEARCH_PATHS = "$(inherited) @executable_path/Frameworks @loader_path/Frameworks";
				PRODUCT_BUNDLE_IDENTIFIER = com.ywx.MVVMTests;
				PRODUCT_NAME = "$(TARGET_NAME)";
				TARGETED_DEVICE_FAMILY = "1,2";
				TEST_HOST = "$(BUILT_PRODUCTS_DIR)/MVVM.app/MVVM";
			};
			name = Release;
		};
		8EB88FA01FD827C4008AF03F /* Debug */ = {
			isa = XCBuildConfiguration;
			baseConfigurationReference = C9E4E553B7EF2F757297D7B4 /* Pods-MVVMUITests.debug.xcconfig */;
			buildSettings = {
				CODE_SIGN_STYLE = Automatic;
				DEVELOPMENT_TEAM = 555MSEDP84;
				INFOPLIST_FILE = MVVMUITests/Info.plist;
				LD_RUNPATH_SEARCH_PATHS = "$(inherited) @executable_path/Frameworks @loader_path/Frameworks";
				PRODUCT_BUNDLE_IDENTIFIER = com.ywx.MVVMUITests;
				PRODUCT_NAME = "$(TARGET_NAME)";
				TARGETED_DEVICE_FAMILY = "1,2";
				TEST_TARGET_NAME = MVVM;
			};
			name = Debug;
		};
		8EB88FA11FD827C4008AF03F /* Release */ = {
			isa = XCBuildConfiguration;
			baseConfigurationReference = 06442CCB7210B2F550AF4DC8 /* Pods-MVVMUITests.release.xcconfig */;
			buildSettings = {
				CODE_SIGN_STYLE = Automatic;
				DEVELOPMENT_TEAM = 555MSEDP84;
				INFOPLIST_FILE = MVVMUITests/Info.plist;
				LD_RUNPATH_SEARCH_PATHS = "$(inherited) @executable_path/Frameworks @loader_path/Frameworks";
				PRODUCT_BUNDLE_IDENTIFIER = com.ywx.MVVMUITests;
				PRODUCT_NAME = "$(TARGET_NAME)";
				TARGETED_DEVICE_FAMILY = "1,2";
				TEST_TARGET_NAME = MVVM;
			};
			name = Release;
		};
/* End XCBuildConfiguration section */

/* Begin XCConfigurationList section */
		8EB88F681FD827C4008AF03F /* Build configuration list for PBXProject "MVVM" */ = {
			isa = XCConfigurationList;
			buildConfigurations = (
				8EB88F971FD827C4008AF03F /* Debug */,
				8EB88F981FD827C4008AF03F /* Release */,
			);
			defaultConfigurationIsVisible = 0;
			defaultConfigurationName = Release;
		};
		8EB88F991FD827C4008AF03F /* Build configuration list for PBXNativeTarget "MVVM" */ = {
			isa = XCConfigurationList;
			buildConfigurations = (
				8EB88F9A1FD827C4008AF03F /* Debug */,
				8EB88F9B1FD827C4008AF03F /* Release */,
			);
			defaultConfigurationIsVisible = 0;
			defaultConfigurationName = Release;
		};
		8EB88F9C1FD827C4008AF03F /* Build configuration list for PBXNativeTarget "MVVMTests" */ = {
			isa = XCConfigurationList;
			buildConfigurations = (
				8EB88F9D1FD827C4008AF03F /* Debug */,
				8EB88F9E1FD827C4008AF03F /* Release */,
			);
			defaultConfigurationIsVisible = 0;
			defaultConfigurationName = Release;
		};
		8EB88F9F1FD827C4008AF03F /* Build configuration list for PBXNativeTarget "MVVMUITests" */ = {
			isa = XCConfigurationList;
			buildConfigurations = (
				8EB88FA01FD827C4008AF03F /* Debug */,
				8EB88FA11FD827C4008AF03F /* Release */,
			);
			defaultConfigurationIsVisible = 0;
			defaultConfigurationName = Release;
		};
/* End XCConfigurationList section */
	};
	rootObject = 8EB88F651FD827C4008AF03F /* Project object */;
}
